
Microsoft Visual Studio Solution File, Format Version 12.00
# Visual Studio Version 17
VisualStudioVersion = 17.1.32228.430
MinimumVisualStudioVersion = 10.0.40219.1
Project("{FAE04EC0-301F-11D3-BF4B-00C04F79EFBC}") = "PL", "PL\PL.csproj", "{A0868F49-8D4F-4A8A-BBAD-E8F0710E636C}"
	ProjectSection(ProjectDependencies) = postProject
		{68DB4403-3BD0-4384-BE69-BB0A91EADEFD} = {68DB4403-3BD0-4384-BE69-BB0A91EADEFD}
	EndProjectSection
EndProject
Project("{FAE04EC0-301F-11D3-BF4B-00C04F79EFBC}") = "BL", "BL\BL.csproj", "{D027B63F-99AE-46D8-A769-997A78E240E2}"
EndProject
Project("{FAE04EC0-301F-11D3-BF4B-00C04F79EFBC}") = "DL", "DL\DL.csproj", "{8AC17672-5602-4127-8E58-9BAC36A19316}"
EndProject
Project("{FAE04EC0-301F-11D3-BF4B-00C04F79EFBC}") = "SLWCF", "SLWCF\SLWCF.csproj", "{68DB4403-3BD0-4384-BE69-BB0A91EADEFD}"
EndProject
Project("{FAE04EC0-301F-11D3-BF4B-00C04F79EFBC}") = "SLWebApi", "SLWebApi\SLWebApi.csproj", "{1D2D91EE-8BC7-4AB8-8250-A790FC49D293}"
EndProject
Global
	GlobalSection(SolutionConfigurationPlatforms) = preSolution
		Debug|Any CPU = Debug|Any CPU
		Release|Any CPU = Release|Any CPU
	EndGlobalSection
	GlobalSection(ProjectConfigurationPlatforms) = postSolution
		{A0868F49-8D4F-4A8A-BBAD-E8F0710E636C}.Debug|Any CPU.ActiveCfg = Debug|Any CPU
		{A0868F49-8D4F-4A8A-BBAD-E8F0710E636C}.Debug|Any CPU.Build.0 = Debug|Any CPU
		{A0868F49-8D4F-4A8A-BBAD-E8F0710E636C}.Release|Any CPU.ActiveCfg = Release|Any CPU
		{A0868F49-8D4F-4A8A-BBAD-E8F0710E636C}.Release|Any CPU.Build.0 = Release|Any CPU
		{D027B63F-99AE-46D8-A769-997A78E240E2}.Debug|Any CPU.ActiveCfg = Debug|Any CPU
		{D027B63F-99AE-46D8-A769-997A78E240E2}.Debug|Any CPU.Build.0 = Debug|Any CPU
		{D027B63F-99AE-46D8-A769-997A78E240E2}.Release|Any CPU.ActiveCfg = Release|Any CPU
		{D027B63F-99AE-46D8-A769-997A78E240E2}.Release|Any CPU.Build.0 = Release|Any CPU
		{8AC17672-5602-4127-8E58-9BAC36A19316}.Debug|Any CPU.ActiveCfg = Debug|Any CPU
		{8AC17672-5602-4127-8E58-9BAC36A19316}.Debug|Any CPU.Build.0 = Debug|Any CPU
		{8AC17672-5602-4127-8E58-9BAC36A19316}.Release|Any CPU.ActiveCfg = Release|Any CPU
		{8AC17672-5602-4127-8E58-9BAC36A19316}.Release|Any CPU.Build.0 = Release|Any CPU
		{68DB4403-3BD0-4384-BE69-BB0A91EADEFD}.Debug|Any CPU.ActiveCfg = Debug|Any CPU
		{68DB4403-3BD0-4384-BE69-BB0A91EADEFD}.Debug|Any CPU.Build.0 = Debug|Any CPU
		{68DB4403-3BD0-4384-BE69-BB0A91EADEFD}.Release|Any CPU.ActiveCfg = Release|Any CPU
		{68DB4403-3BD0-4384-BE69-BB0A91EADEFD}.Release|Any CPU.Build.0 = Release|Any CPU
		{1D2D91EE-8BC7-4AB8-8250-A790FC49D293}.Debug|Any CPU.ActiveCfg = Debug|Any CPU
		{1D2D91EE-8BC7-4AB8-8250-A790FC49D293}.Debug|Any CPU.Build.0 = Debug|Any CPU
		{1D2D91EE-8BC7-4AB8-8250-A790FC49D293}.Release|Any CPU.ActiveCfg = Release|Any CPU
		{1D2D91EE-8BC7-4AB8-8250-A790FC49D293}.Release|Any CPU.Build.0 = Release|Any CPU
	EndGlobalSection
	GlobalSection(SolutionProperties) = preSolution
		HideSolutionNode = FALSE
	EndGlobalSection
	GlobalSection(ExtensibilityGlobals) = postSolution
		SolutionGuid = {054445BE-9501-4A38-B15F-1A29B4C80466}
	EndGlobalSection
EndGlobal
